
Microsoft Visual Studio Solution File, Format Version 12.00
# Visual Studio Version 16
VisualStudioVersion = 16.0.29326.143
MinimumVisualStudioVersion = 10.0.40219.1
Project("{9A19103F-16F7-4668-BE54-9A1E7A4F7556}") = "Idd.Interface", "Idd.Interface\Idd.Interface.csproj", "{03F8E912-ECBC-47A7-8687-6F37E7DA9669}"
EndProject
Global
	GlobalSection(SolutionConfigurationPlatforms) = preSolution
		Debug|Any CPU = Debug|Any CPU
		Release|Any CPU = Release|Any CPU
	EndGlobalSection
	GlobalSection(ProjectConfigurationPlatforms) = postSolution
		{03F8E912-ECBC-47A7-8687-6F37E7DA9669}.Debug|Any CPU.ActiveCfg = Debug|Any CPU
		{03F8E912-ECBC-47A7-8687-6F37E7DA9669}.Debug|Any CPU.Build.0 = Debug|Any CPU
		{03F8E912-ECBC-47A7-8687-6F37E7DA9669}.Release|Any CPU.ActiveCfg = Release|Any CPU
		{03F8E912-ECBC-47A7-8687-6F37E7DA9669}.Release|Any CPU.Build.0 = Release|Any CPU
	EndGlobalSection
	GlobalSection(SolutionProperties) = preSolution
		HideSolutionNode = FALSE
	EndGlobalSection
	GlobalSection(ExtensibilityGlobals) = postSolution
		SolutionGuid = {E8D46162-2BB0-400F-AD7B-C7BE4D82B845}
	EndGlobalSection
EndGlobal
